// !$*UTF8*$!
{
	archiveVersion = 1;
	classes = {
	};
	objectVersion = 56;
	objects = {

/* Begin PBXBuildFile section */
		46E4BF02292151DF00133532 /* test_url_connectApp.swift in Sources */ = {isa = PBXBuildFile; fileRef = 46E4BF01292151DF00133532 /* test_url_connectApp.swift */; };
		46E4BF04292151DF00133532 /* ContentView.swift in Sources */ = {isa = PBXBuildFile; fileRef = 46E4BF03292151DF00133532 /* ContentView.swift */; };
		46E4BF06292151E000133532 /* Assets.xcassets in Resources */ = {isa = PBXBuildFile; fileRef = 46E4BF05292151E000133532 /* Assets.xcassets */; };
		46E4BF0A292151E000133532 /* Preview Assets.xcassets in Resources */ = {isa = PBXBuildFile; fileRef = 46E4BF09292151E000133532 /* Preview Assets.xcassets */; };
		46E4BF14292151E000133532 /* test_url_connectTests.swift in Sources */ = {isa = PBXBuildFile; fileRef = 46E4BF13292151E000133532 /* test_url_connectTests.swift */; };
		46E4BF1E292151E000133532 /* test_url_connectUITests.swift in Sources */ = {isa = PBXBuildFile; fileRef = 46E4BF1D292151E000133532 /* test_url_connectUITests.swift */; };
		46E4BF20292151E000133532 /* test_url_connectUITestsLaunchTests.swift in Sources */ = {isa = PBXBuildFile; fileRef = 46E4BF1F292151E000133532 /* test_url_connectUITestsLaunchTests.swift */; };
		46E4BF2E2921531B00133532 /* Intraday.swift in Sources */ = {isa = PBXBuildFile; fileRef = 46E4BF2D2921531B00133532 /* Intraday.swift */; };
		46E4BF342921548000133532 /* FugleMetaLoader.swift in Sources */ = {isa = PBXBuildFile; fileRef = 46E4BF332921548000133532 /* FugleMetaLoader.swift */; };
		46E4BF382921600900133532 /* Info.swift in Sources */ = {isa = PBXBuildFile; fileRef = 46E4BF362921600900133532 /* Info.swift */; };
		46E4BF3B2921602800133532 /* Meta.swift in Sources */ = {isa = PBXBuildFile; fileRef = 46E4BF3A2921602800133532 /* Meta.swift */; };
/* End PBXBuildFile section */

/* Begin PBXContainerItemProxy section */
		46E4BF10292151E000133532 /* PBXContainerItemProxy */ = {
			isa = PBXContainerItemProxy;
			containerPortal = 46E4BEF6292151DF00133532 /* Project object */;
			proxyType = 1;
			remoteGlobalIDString = 46E4BEFD292151DF00133532;
			remoteInfo = test_url_connect;
		};
		46E4BF1A292151E000133532 /* PBXContainerItemProxy */ = {
			isa = PBXContainerItemProxy;
			containerPortal = 46E4BEF6292151DF00133532 /* Project object */;
			proxyType = 1;
			remoteGlobalIDString = 46E4BEFD292151DF00133532;
			remoteInfo = test_url_connect;
		};
/* End PBXContainerItemProxy section */

/* Begin PBXFileReference section */
		46E4BEFE292151DF00133532 /* test_url_connect.app */ = {isa = PBXFileReference; explicitFileType = wrapper.application; includeInIndex = 0; path = test_url_connect.app; sourceTree = BUILT_PRODUCTS_DIR; };
		46E4BF01292151DF00133532 /* test_url_connectApp.swift */ = {isa = PBXFileReference; lastKnownFileType = sourcecode.swift; path = test_url_connectApp.swift; sourceTree = "<group>"; };
		46E4BF03292151DF00133532 /* ContentView.swift */ = {isa = PBXFileReference; lastKnownFileType = sourcecode.swift; path = ContentView.swift; sourceTree = "<group>"; };
		46E4BF05292151E000133532 /* Assets.xcassets */ = {isa = PBXFileReference; lastKnownFileType = folder.assetcatalog; path = Assets.xcassets; sourceTree = "<group>"; };
		46E4BF07292151E000133532 /* test_url_connect.entitlements */ = {isa = PBXFileReference; lastKnownFileType = text.plist.entitlements; path = test_url_connect.entitlements; sourceTree = "<group>"; };
		46E4BF09292151E000133532 /* Preview Assets.xcassets */ = {isa = PBXFileReference; lastKnownFileType = folder.assetcatalog; path = "Preview Assets.xcassets"; sourceTree = "<group>"; };
		46E4BF0F292151E000133532 /* test_url_connectTests.xctest */ = {isa = PBXFileReference; explicitFileType = wrapper.cfbundle; includeInIndex = 0; path = test_url_connectTests.xctest; sourceTree = BUILT_PRODUCTS_DIR; };
		46E4BF13292151E000133532 /* test_url_connectTests.swift */ = {isa = PBXFileReference; lastKnownFileType = sourcecode.swift; path = test_url_connectTests.swift; sourceTree = "<group>"; };
		46E4BF19292151E000133532 /* test_url_connectUITests.xctest */ = {isa = PBXFileReference; explicitFileType = wrapper.cfbundle; includeInIndex = 0; path = test_url_connectUITests.xctest; sourceTree = BUILT_PRODUCTS_DIR; };
		46E4BF1D292151E000133532 /* test_url_connectUITests.swift */ = {isa = PBXFileReference; lastKnownFileType = sourcecode.swift; path = test_url_connectUITests.swift; sourceTree = "<group>"; };
		46E4BF1F292151E000133532 /* test_url_connectUITestsLaunchTests.swift */ = {isa = PBXFileReference; lastKnownFileType = sourcecode.swift; path = test_url_connectUITestsLaunchTests.swift; sourceTree = "<group>"; };
		46E4BF2D2921531B00133532 /* Intraday.swift */ = {isa = PBXFileReference; lastKnownFileType = sourcecode.swift; path = Intraday.swift; sourceTree = "<group>"; };
		46E4BF332921548000133532 /* FugleMetaLoader.swift */ = {isa = PBXFileReference; lastKnownFileType = sourcecode.swift; path = FugleMetaLoader.swift; sourceTree = "<group>"; };
		46E4BF362921600900133532 /* Info.swift */ = {isa = PBXFileReference; fileEncoding = 4; lastKnownFileType = sourcecode.swift; path = Info.swift; sourceTree = "<group>"; };
		46E4BF3A2921602800133532 /* Meta.swift */ = {isa = PBXFileReference; fileEncoding = 4; lastKnownFileType = sourcecode.swift; path = Meta.swift; sourceTree = "<group>"; };
/* End PBXFileReference section */

/* Begin PBXFrameworksBuildPhase section */
		46E4BEFB292151DF00133532 /* Frameworks */ = {
			isa = PBXFrameworksBuildPhase;
			buildActionMask = 2147483647;
			files = (
			);
			runOnlyForDeploymentPostprocessing = 0;
		};
		46E4BF0C292151E000133532 /* Frameworks */ = {
			isa = PBXFrameworksBuildPhase;
			buildActionMask = 2147483647;
			files = (
			);
			runOnlyForDeploymentPostprocessing = 0;
		};
		46E4BF16292151E000133532 /* Frameworks */ = {
			isa = PBXFrameworksBuildPhase;
			buildActionMask = 2147483647;
			files = (
			);
			runOnlyForDeploymentPostprocessing = 0;
		};
/* End PBXFrameworksBuildPhase section */

/* Begin PBXGroup section */
		46E4BEF5292151DF00133532 = {
			isa = PBXGroup;
			children = (
				46E4BF00292151DF00133532 /* test_url_connect */,
				46E4BF12292151E000133532 /* test_url_connectTests */,
				46E4BF1C292151E000133532 /* test_url_connectUITests */,
				46E4BEFF292151DF00133532 /* Products */,
			);
			sourceTree = "<group>";
		};
		46E4BEFF292151DF00133532 /* Products */ = {
			isa = PBXGroup;
			children = (
				46E4BEFE292151DF00133532 /* test_url_connect.app */,
				46E4BF0F292151E000133532 /* test_url_connectTests.xctest */,
				46E4BF19292151E000133532 /* test_url_connectUITests.xctest */,
			);
			name = Products;
			sourceTree = "<group>";
		};
		46E4BF00292151DF00133532 /* test_url_connect */ = {
			isa = PBXGroup;
			children = (
				46E4BF352921588D00133532 /* Source */,
				46E4BF01292151DF00133532 /* test_url_connectApp.swift */,
				46E4BF03292151DF00133532 /* ContentView.swift */,
				46E4BF05292151E000133532 /* Assets.xcassets */,
				46E4BF07292151E000133532 /* test_url_connect.entitlements */,
				46E4BF08292151E000133532 /* Preview Content */,
			);
			path = test_url_connect;
			sourceTree = "<group>";
		};
		46E4BF08292151E000133532 /* Preview Content */ = {
			isa = PBXGroup;
			children = (
				46E4BF09292151E000133532 /* Preview Assets.xcassets */,
			);
			path = "Preview Content";
			sourceTree = "<group>";
		};
		46E4BF12292151E000133532 /* test_url_connectTests */ = {
			isa = PBXGroup;
			children = (
				46E4BF13292151E000133532 /* test_url_connectTests.swift */,
			);
			path = test_url_connectTests;
			sourceTree = "<group>";
		};
		46E4BF1C292151E000133532 /* test_url_connectUITests */ = {
			isa = PBXGroup;
			children = (
				46E4BF1D292151E000133532 /* test_url_connectUITests.swift */,
				46E4BF1F292151E000133532 /* test_url_connectUITestsLaunchTests.swift */,
			);
			path = test_url_connectUITests;
			sourceTree = "<group>";
		};
		46E4BF2C292152BE00133532 /* Models */ = {
			isa = PBXGroup;
			children = (
				46E4BF3A2921602800133532 /* Meta.swift */,
				46E4BF362921600900133532 /* Info.swift */,
				46E4BF2D2921531B00133532 /* Intraday.swift */,
			);
			path = Models;
			sourceTree = "<group>";
		};
		46E4BF352921588D00133532 /* Source */ = {
			isa = PBXGroup;
			children = (
				46E4BF2C292152BE00133532 /* Models */,
				46E4BF332921548000133532 /* FugleMetaLoader.swift */,
			);
			path = Source;
			sourceTree = "<group>";
		};
/* End PBXGroup section */

/* Begin PBXNativeTarget section */
		46E4BEFD292151DF00133532 /* test_url_connect */ = {
			isa = PBXNativeTarget;
			buildConfigurationList = 46E4BF23292151E000133532 /* Build configuration list for PBXNativeTarget "test_url_connect" */;
			buildPhases = (
				46E4BEFA292151DF00133532 /* Sources */,
				46E4BEFB292151DF00133532 /* Frameworks */,
				46E4BEFC292151DF00133532 /* Resources */,
			);
			buildRules = (
			);
			dependencies = (
			);
			name = test_url_connect;
			productName = test_url_connect;
			productReference = 46E4BEFE292151DF00133532 /* test_url_connect.app */;
			productType = "com.apple.product-type.application";
		};
		46E4BF0E292151E000133532 /* test_url_connectTests */ = {
			isa = PBXNativeTarget;
			buildConfigurationList = 46E4BF26292151E000133532 /* Build configuration list for PBXNativeTarget "test_url_connectTests" */;
			buildPhases = (
				46E4BF0B292151E000133532 /* Sources */,
				46E4BF0C292151E000133532 /* Frameworks */,
				46E4BF0D292151E000133532 /* Resources */,
			);
			buildRules = (
			);
			dependencies = (
				46E4BF11292151E000133532 /* PBXTargetDependency */,
			);
			name = test_url_connectTests;
			productName = test_url_connectTests;
			productReference = 46E4BF0F292151E000133532 /* test_url_connectTests.xctest */;
			productType = "com.apple.product-type.bundle.unit-test";
		};
		46E4BF18292151E000133532 /* test_url_connectUITests */ = {
			isa = PBXNativeTarget;
			buildConfigurationList = 46E4BF29292151E000133532 /* Build configuration list for PBXNativeTarget "test_url_connectUITests" */;
			buildPhases = (
				46E4BF15292151E000133532 /* Sources */,
				46E4BF16292151E000133532 /* Frameworks */,
				46E4BF17292151E000133532 /* Resources */,
			);
			buildRules = (
			);
			dependencies = (
				46E4BF1B292151E000133532 /* PBXTargetDependency */,
			);
			name = test_url_connectUITests;
			productName = test_url_connectUITests;
			productReference = 46E4BF19292151E000133532 /* test_url_connectUITests.xctest */;
			productType = "com.apple.product-type.bundle.ui-testing";
		};
/* End PBXNativeTarget section */

/* Begin PBXProject section */
		46E4BEF6292151DF00133532 /* Project object */ = {
			isa = PBXProject;
			attributes = {
				BuildIndependentTargetsInParallel = 1;
				LastSwiftUpdateCheck = 1410;
				LastUpgradeCheck = 1410;
				TargetAttributes = {
					46E4BEFD292151DF00133532 = {
						CreatedOnToolsVersion = 14.1;
					};
					46E4BF0E292151E000133532 = {
						CreatedOnToolsVersion = 14.1;
						TestTargetID = 46E4BEFD292151DF00133532;
					};
					46E4BF18292151E000133532 = {
						CreatedOnToolsVersion = 14.1;
						TestTargetID = 46E4BEFD292151DF00133532;
					};
				};
			};
			buildConfigurationList = 46E4BEF9292151DF00133532 /* Build configuration list for PBXProject "test_url_connect" */;
			compatibilityVersion = "Xcode 14.0";
			developmentRegion = en;
			hasScannedForEncodings = 0;
			knownRegions = (
				en,
				Base,
			);
			mainGroup = 46E4BEF5292151DF00133532;
			productRefGroup = 46E4BEFF292151DF00133532 /* Products */;
			projectDirPath = "";
			projectRoot = "";
			targets = (
				46E4BEFD292151DF00133532 /* test_url_connect */,
				46E4BF0E292151E000133532 /* test_url_connectTests */,
				46E4BF18292151E000133532 /* test_url_connectUITests */,
			);
		};
/* End PBXProject section */

/* Begin PBXResourcesBuildPhase section */
		46E4BEFC292151DF00133532 /* Resources */ = {
			isa = PBXResourcesBuildPhase;
			buildActionMask = 2147483647;
			files = (
				46E4BF0A292151E000133532 /* Preview Assets.xcassets in Resources */,
				46E4BF06292151E000133532 /* Assets.xcassets in Resources */,
			);
			runOnlyForDeploymentPostprocessing = 0;
		};
		46E4BF0D292151E000133532 /* Resources */ = {
			isa = PBXResourcesBuildPhase;
			buildActionMask = 2147483647;
			files = (
			);
			runOnlyForDeploymentPostprocessing = 0;
		};
		46E4BF17292151E000133532 /* Resources */ = {
			isa = PBXResourcesBuildPhase;
			buildActionMask = 2147483647;
			files = (
			);
			runOnlyForDeploymentPostprocessing = 0;
		};
/* End PBXResourcesBuildPhase section */

/* Begin PBXSourcesBuildPhase section */
		46E4BEFA292151DF00133532 /* Sources */ = {
			isa = PBXSourcesBuildPhase;
			buildActionMask = 2147483647;
			files = (
				46E4BF04292151DF00133532 /* ContentView.swift in Sources */,
				46E4BF2E2921531B00133532 /* Intraday.swift in Sources */,
				46E4BF3B2921602800133532 /* Meta.swift in Sources */,
				46E4BF02292151DF00133532 /* test_url_connectApp.swift in Sources */,
				46E4BF382921600900133532 /* Info.swift in Sources */,
				46E4BF342921548000133532 /* FugleMetaLoader.swift in Sources */,
			);
			runOnlyForDeploymentPostprocessing = 0;
		};
		46E4BF0B292151E000133532 /* Sources */ = {
			isa = PBXSourcesBuildPhase;
			buildActionMask = 2147483647;
			files = (
				46E4BF14292151E000133532 /* test_url_connectTests.swift in Sources */,
			);
			runOnlyForDeploymentPostprocessing = 0;
		};
		46E4BF15292151E000133532 /* Sources */ = {
			isa = PBXSourcesBuildPhase;
			buildActionMask = 2147483647;
			files = (
				46E4BF1E292151E000133532 /* test_url_connectUITests.swift in Sources */,
				46E4BF20292151E000133532 /* test_url_connectUITestsLaunchTests.swift in Sources */,
			);
			runOnlyForDeploymentPostprocessing = 0;
		};
/* End PBXSourcesBuildPhase section */

/* Begin PBXTargetDependency section */
		46E4BF11292151E000133532 /* PBXTargetDependency */ = {
			isa = PBXTargetDependency;
			target = 46E4BEFD292151DF00133532 /* test_url_connect */;
			targetProxy = 46E4BF10292151E000133532 /* PBXContainerItemProxy */;
		};
		46E4BF1B292151E000133532 /* PBXTargetDependency */ = {
			isa = PBXTargetDependency;
			target = 46E4BEFD292151DF00133532 /* test_url_connect */;
			targetProxy = 46E4BF1A292151E000133532 /* PBXContainerItemProxy */;
		};
/* End PBXTargetDependency section */

/* Begin XCBuildConfiguration section */
		46E4BF21292151E000133532 /* Debug */ = {
			isa = XCBuildConfiguration;
			buildSettings = {
				ALWAYS_SEARCH_USER_PATHS = NO;
				CLANG_ANALYZER_NONNULL = YES;
				CLANG_ANALYZER_NUMBER_OBJECT_CONVERSION = YES_AGGRESSIVE;
				CLANG_CXX_LANGUAGE_STANDARD = "gnu++20";
				CLANG_ENABLE_MODULES = YES;
				CLANG_ENABLE_OBJC_ARC = YES;
				CLANG_ENABLE_OBJC_WEAK = YES;
				CLANG_WARN_BLOCK_CAPTURE_AUTORELEASING = YES;
				CLANG_WARN_BOOL_CONVERSION = YES;
				CLANG_WARN_COMMA = YES;
				CLANG_WARN_CONSTANT_CONVERSION = YES;
				CLANG_WARN_DEPRECATED_OBJC_IMPLEMENTATIONS = YES;
				CLANG_WARN_DIRECT_OBJC_ISA_USAGE = YES_ERROR;
				CLANG_WARN_DOCUMENTATION_COMMENTS = YES;
				CLANG_WARN_EMPTY_BODY = YES;
				CLANG_WARN_ENUM_CONVERSION = YES;
				CLANG_WARN_INFINITE_RECURSION = YES;
				CLANG_WARN_INT_CONVERSION = YES;
				CLANG_WARN_NON_LITERAL_NULL_CONVERSION = YES;
				CLANG_WARN_OBJC_IMPLICIT_RETAIN_SELF = YES;
				CLANG_WARN_OBJC_LITERAL_CONVERSION = YES;
				CLANG_WARN_OBJC_ROOT_CLASS = YES_ERROR;
				CLANG_WARN_QUOTED_INCLUDE_IN_FRAMEWORK_HEADER = YES;
				CLANG_WARN_RANGE_LOOP_ANALYSIS = YES;
				CLANG_WARN_STRICT_PROTOTYPES = YES;
				CLANG_WARN_SUSPICIOUS_MOVE = YES;
				CLANG_WARN_UNGUARDED_AVAILABILITY = YES_AGGRESSIVE;
				CLANG_WARN_UNREACHABLE_CODE = YES;
				CLANG_WARN__DUPLICATE_METHOD_MATCH = YES;
				COPY_PHASE_STRIP = NO;
				DEBUG_INFORMATION_FORMAT = dwarf;
				ENABLE_STRICT_OBJC_MSGSEND = YES;
				ENABLE_TESTABILITY = YES;
				GCC_C_LANGUAGE_STANDARD = gnu11;
				GCC_DYNAMIC_NO_PIC = NO;
				GCC_NO_COMMON_BLOCKS = YES;
				GCC_OPTIMIZATION_LEVEL = 0;
				GCC_PREPROCESSOR_DEFINITIONS = (
					"DEBUG=1",
					"$(inherited)",
				);
				GCC_WARN_64_TO_32_BIT_CONVERSION = YES;
				GCC_WARN_ABOUT_RETURN_TYPE = YES_ERROR;
				GCC_WARN_UNDECLARED_SELECTOR = YES;
				GCC_WARN_UNINITIALIZED_AUTOS = YES_AGGRESSIVE;
				GCC_WARN_UNUSED_FUNCTION = YES;
				GCC_WARN_UNUSED_VARIABLE = YES;
				MTL_ENABLE_DEBUG_INFO = INCLUDE_SOURCE;
				MTL_FAST_MATH = YES;
				ONLY_ACTIVE_ARCH = YES;
				SWIFT_ACTIVE_COMPILATION_CONDITIONS = DEBUG;
				SWIFT_OPTIMIZATION_LEVEL = "-Onone";
			};
			name = Debug;
		};
		46E4BF22292151E000133532 /* Release */ = {
			isa = XCBuildConfiguration;
			buildSettings = {
				ALWAYS_SEARCH_USER_PATHS = NO;
				CLANG_ANALYZER_NONNULL = YES;
				CLANG_ANALYZER_NUMBER_OBJECT_CONVERSION = YES_AGGRESSIVE;
				CLANG_CXX_LANGUAGE_STANDARD = "gnu++20";
				CLANG_ENABLE_MODULES = YES;
				CLANG_ENABLE_OBJC_ARC = YES;
				CLANG_ENABLE_OBJC_WEAK = YES;
				CLANG_WARN_BLOCK_CAPTURE_AUTORELEASING = YES;
				CLANG_WARN_BOOL_CONVERSION = YES;
				CLANG_WARN_COMMA = YES;
				CLANG_WARN_CONSTANT_CONVERSION = YES;
				CLANG_WARN_DEPRECATED_OBJC_IMPLEMENTATIONS = YES;
				CLANG_WARN_DIRECT_OBJC_ISA_USAGE = YES_ERROR;
				CLANG_WARN_DOCUMENTATION_COMMENTS = YES;
				CLANG_WARN_EMPTY_BODY = YES;
				CLANG_WARN_ENUM_CONVERSION = YES;
				CLANG_WARN_INFINITE_RECURSION = YES;
				CLANG_WARN_INT_CONVERSION = YES;
				CLANG_WARN_NON_LITERAL_NULL_CONVERSION = YES;
				CLANG_WARN_OBJC_IMPLICIT_RETAIN_SELF = YES;
				CLANG_WARN_OBJC_LITERAL_CONVERSION = YES;
				CLANG_WARN_OBJC_ROOT_CLASS = YES_ERROR;
				CLANG_WARN_QUOTED_INCLUDE_IN_FRAMEWORK_HEADER = YES;
				CLANG_WARN_RANGE_LOOP_ANALYSIS = YES;
				CLANG_WARN_STRICT_PROTOTYPES = YES;
				CLANG_WARN_SUSPICIOUS_MOVE = YES;
				CLANG_WARN_UNGUARDED_AVAILABILITY = YES_AGGRESSIVE;
				CLANG_WARN_UNREACHABLE_CODE = YES;
				CLANG_WARN__DUPLICATE_METHOD_MATCH = YES;
				COPY_PHASE_STRIP = NO;
				DEBUG_INFORMATION_FORMAT = "dwarf-with-dsym";
				ENABLE_NS_ASSERTIONS = NO;
				ENABLE_STRICT_OBJC_MSGSEND = YES;
				GCC_C_LANGUAGE_STANDARD = gnu11;
				GCC_NO_COMMON_BLOCKS = YES;
				GCC_WARN_64_TO_32_BIT_CONVERSION = YES;
				GCC_WARN_ABOUT_RETURN_TYPE = YES_ERROR;
				GCC_WARN_UNDECLARED_SELECTOR = YES;
				GCC_WARN_UNINITIALIZED_AUTOS = YES_AGGRESSIVE;
				GCC_WARN_UNUSED_FUNCTION = YES;
				GCC_WARN_UNUSED_VARIABLE = YES;
				MTL_ENABLE_DEBUG_INFO = NO;
				MTL_FAST_MATH = YES;
				SWIFT_COMPILATION_MODE = wholemodule;
				SWIFT_OPTIMIZATION_LEVEL = "-O";
			};
			name = Release;
		};
		46E4BF24292151E000133532 /* Debug */ = {
			isa = XCBuildConfiguration;
			buildSettings = {
				ASSETCATALOG_COMPILER_APPICON_NAME = AppIcon;
				ASSETCATALOG_COMPILER_GLOBAL_ACCENT_COLOR_NAME = AccentColor;
				CODE_SIGN_ENTITLEMENTS = test_url_connect/test_url_connect.entitlements;
				CODE_SIGN_STYLE = Automatic;
				CURRENT_PROJECT_VERSION = 1;
				DEVELOPMENT_ASSET_PATHS = "\"test_url_connect/Preview Content\"";
				DEVELOPMENT_TEAM = 828M4QDWN7;
				ENABLE_HARDENED_RUNTIME = YES;
				ENABLE_PREVIEWS = YES;
				GENERATE_INFOPLIST_FILE = YES;
				"INFOPLIST_KEY_UIApplicationSceneManifest_Generation[sdk=iphoneos*]" = YES;
				"INFOPLIST_KEY_UIApplicationSceneManifest_Generation[sdk=iphonesimulator*]" = YES;
				"INFOPLIST_KEY_UIApplicationSupportsIndirectInputEvents[sdk=iphoneos*]" = YES;
				"INFOPLIST_KEY_UIApplicationSupportsIndirectInputEvents[sdk=iphonesimulator*]" = YES;
				"INFOPLIST_KEY_UILaunchScreen_Generation[sdk=iphoneos*]" = YES;
				"INFOPLIST_KEY_UILaunchScreen_Generation[sdk=iphonesimulator*]" = YES;
				"INFOPLIST_KEY_UIStatusBarStyle[sdk=iphoneos*]" = UIStatusBarStyleDefault;
				"INFOPLIST_KEY_UIStatusBarStyle[sdk=iphonesimulator*]" = UIStatusBarStyleDefault;
				INFOPLIST_KEY_UISupportedInterfaceOrientations_iPad = "UIInterfaceOrientationPortrait UIInterfaceOrientationPortraitUpsideDown UIInterfaceOrientationLandscapeLeft UIInterfaceOrientationLandscapeRight";
				INFOPLIST_KEY_UISupportedInterfaceOrientations_iPhone = "UIInterfaceOrientationPortrait UIInterfaceOrientationLandscapeLeft UIInterfaceOrientationLandscapeRight";
				IPHONEOS_DEPLOYMENT_TARGET = 16.1;
				LD_RUNPATH_SEARCH_PATHS = "@executable_path/Frameworks";
				"LD_RUNPATH_SEARCH_PATHS[sdk=macosx*]" = "@executable_path/../Frameworks";
				MACOSX_DEPLOYMENT_TARGET = 13.0;
				MARKETING_VERSION = 1.0;
				PRODUCT_BUNDLE_IDENTIFIER = "makeagoodsoup.test-url-connect";
				PRODUCT_NAME = "$(TARGET_NAME)";
				SDKROOT = auto;
				SUPPORTED_PLATFORMS = "iphoneos iphonesimulator macosx";
				SWIFT_EMIT_LOC_STRINGS = YES;
				SWIFT_VERSION = 5.0;
				TARGETED_DEVICE_FAMILY = "1,2";
			};
			name = Debug;
		};
		46E4BF25292151E000133532 /* Release */ = {
			isa = XCBuildConfiguration;
			buildSettings = {
				ASSETCATALOG_COMPILER_APPICON_NAME = AppIcon;
				ASSETCATALOG_COMPILER_GLOBAL_ACCENT_COLOR_NAME = AccentColor;
				CODE_SIGN_ENTITLEMENTS = test_url_connect/test_url_connect.entitlements;
				CODE_SIGN_STYLE = Automatic;
				CURRENT_PROJECT_VERSION = 1;
				DEVELOPMENT_ASSET_PATHS = "\"test_url_connect/Preview Content\"";
				DEVELOPMENT_TEAM = 828M4QDWN7;
				ENABLE_HARDENED_RUNTIME = YES;
				ENABLE_PREVIEWS = YES;
				GENERATE_INFOPLIST_FILE = YES;
				"INFOPLIST_KEY_UIApplicationSceneManifest_Generation[sdk=iphoneos*]" = YES;
				"INFOPLIST_KEY_UIApplicationSceneManifest_Generation[sdk=iphonesimulator*]" = YES;
				"INFOPLIST_KEY_UIApplicationSupportsIndirectInputEvents[sdk=iphoneos*]" = YES;
				"INFOPLIST_KEY_UIApplicationSupportsIndirectInputEvents[sdk=iphonesimulator*]" = YES;
				"INFOPLIST_KEY_UILaunchScreen_Generation[sdk=iphoneos*]" = YES;
				"INFOPLIST_KEY_UILaunchScreen_Generation[sdk=iphonesimulator*]" = YES;
				"INFOPLIST_KEY_UIStatusBarStyle[sdk=iphoneos*]" = UIStatusBarStyleDefault;
				"INFOPLIST_KEY_UIStatusBarStyle[sdk=iphonesimulator*]" = UIStatusBarStyleDefault;
				INFOPLIST_KEY_UISupportedInterfaceOrientations_iPad = "UIInterfaceOrientationPortrait UIInterfaceOrientationPortraitUpsideDown UIInterfaceOrientationLandscapeLeft UIInterfaceOrientationLandscapeRight";
				INFOPLIST_KEY_UISupportedInterfaceOrientations_iPhone = "UIInterfaceOrientationPortrait UIInterfaceOrientationLandscapeLeft UIInterfaceOrientationLandscapeRight";
				IPHONEOS_DEPLOYMENT_TARGET = 16.1;
				LD_RUNPATH_SEARCH_PATHS = "@executable_path/Frameworks";
				"LD_RUNPATH_SEARCH_PATHS[sdk=macosx*]" = "@executable_path/../Frameworks";
				MACOSX_DEPLOYMENT_TARGET = 13.0;
				MARKETING_VERSION = 1.0;
				PRODUCT_BUNDLE_IDENTIFIER = "makeagoodsoup.test-url-connect";
				PRODUCT_NAME = "$(TARGET_NAME)";
				SDKROOT = auto;
				SUPPORTED_PLATFORMS = "iphoneos iphonesimulator macosx";
				SWIFT_EMIT_LOC_STRINGS = YES;
				SWIFT_VERSION = 5.0;
				TARGETED_DEVICE_FAMILY = "1,2";
			};
			name = Release;
		};
		46E4BF27292151E000133532 /* Debug */ = {
			isa = XCBuildConfiguration;
			buildSettings = {
				ALWAYS_EMBED_SWIFT_STANDARD_LIBRARIES = YES;
				BUNDLE_LOADER = "$(TEST_HOST)";
				CODE_SIGN_STYLE = Automatic;
				CURRENT_PROJECT_VERSION = 1;
				DEVELOPMENT_TEAM = 828M4QDWN7;
				GENERATE_INFOPLIST_FILE = YES;
				IPHONEOS_DEPLOYMENT_TARGET = 16.1;
				MACOSX_DEPLOYMENT_TARGET = 13.0;
				MARKETING_VERSION = 1.0;
				PRODUCT_BUNDLE_IDENTIFIER = "makeagoodsoup.test-url-connectTests";
				PRODUCT_NAME = "$(TARGET_NAME)";
				SDKROOT = auto;
				SUPPORTED_PLATFORMS = "iphoneos iphonesimulator macosx";
				SWIFT_EMIT_LOC_STRINGS = NO;
				SWIFT_VERSION = 5.0;
				TARGETED_DEVICE_FAMILY = "1,2";
				TEST_HOST = "$(BUILT_PRODUCTS_DIR)/test_url_connect.app/$(BUNDLE_EXECUTABLE_FOLDER_PATH)/test_url_connect";
			};
			name = Debug;
		};
		46E4BF28292151E000133532 /* Release */ = {
			isa = XCBuildConfiguration;
			buildSettings = {
				ALWAYS_EMBED_SWIFT_STANDARD_LIBRARIES = YES;
				BUNDLE_LOADER = "$(TEST_HOST)";
				CODE_SIGN_STYLE = Automatic;
				CURRENT_PROJECT_VERSION = 1;
				DEVELOPMENT_TEAM = 828M4QDWN7;
				GENERATE_INFOPLIST_FILE = YES;
				IPHONEOS_DEPLOYMENT_TARGET = 16.1;
				MACOSX_DEPLOYMENT_TARGET = 13.0;
				MARKETING_VERSION = 1.0;
				PRODUCT_BUNDLE_IDENTIFIER = "makeagoodsoup.test-url-connectTests";
				PRODUCT_NAME = "$(TARGET_NAME)";
				SDKROOT = auto;
				SUPPORTED_PLATFORMS = "iphoneos iphonesimulator macosx";
				SWIFT_EMIT_LOC_STRINGS = NO;
				SWIFT_VERSION = 5.0;
				TARGETED_DEVICE_FAMILY = "1,2";
				TEST_HOST = "$(BUILT_PRODUCTS_DIR)/test_url_connect.app/$(BUNDLE_EXECUTABLE_FOLDER_PATH)/test_url_connect";
			};
			name = Release;
		};
		46E4BF2A292151E000133532 /* Debug */ = {
			isa = XCBuildConfiguration;
			buildSettings = {
				ALWAYS_EMBED_SWIFT_STANDARD_LIBRARIES = YES;
				CODE_SIGN_STYLE = Automatic;
				CURRENT_PROJECT_VERSION = 1;
				DEVELOPMENT_TEAM = 828M4QDWN7;
				GENERATE_INFOPLIST_FILE = YES;
				IPHONEOS_DEPLOYMENT_TARGET = 16.1;
				MACOSX_DEPLOYMENT_TARGET = 13.0;
				MARKETING_VERSION = 1.0;
				PRODUCT_BUNDLE_IDENTIFIER = "makeagoodsoup.test-url-connectUITests";
				PRODUCT_NAME = "$(TARGET_NAME)";
				SDKROOT = auto;
				SUPPORTED_PLATFORMS = "iphoneos iphonesimulator macosx";
				SWIFT_EMIT_LOC_STRINGS = NO;
				SWIFT_VERSION = 5.0;
				TARGETED_DEVICE_FAMILY = "1,2";
				TEST_TARGET_NAME = test_url_connect;
			};
			name = Debug;
		};
		46E4BF2B292151E000133532 /* Release */ = {
			isa = XCBuildConfiguration;
			buildSettings = {
				ALWAYS_EMBED_SWIFT_STANDARD_LIBRARIES = YES;
				CODE_SIGN_STYLE = Automatic;
				CURRENT_PROJECT_VERSION = 1;
				DEVELOPMENT_TEAM = 828M4QDWN7;
				GENERATE_INFOPLIST_FILE = YES;
				IPHONEOS_DEPLOYMENT_TARGET = 16.1;
				MACOSX_DEPLOYMENT_TARGET = 13.0;
				MARKETING_VERSION = 1.0;
				PRODUCT_BUNDLE_IDENTIFIER = "makeagoodsoup.test-url-connectUITests";
				PRODUCT_NAME = "$(TARGET_NAME)";
				SDKROOT = auto;
				SUPPORTED_PLATFORMS = "iphoneos iphonesimulator macosx";
				SWIFT_EMIT_LOC_STRINGS = NO;
				SWIFT_VERSION = 5.0;
				TARGETED_DEVICE_FAMILY = "1,2";
				TEST_TARGET_NAME = test_url_connect;
			};
			name = Release;
		};
/* End XCBuildConfiguration section */

/* Begin XCConfigurationList section */
		46E4BEF9292151DF00133532 /* Build configuration list for PBXProject "test_url_connect" */ = {
			isa = XCConfigurationList;
			buildConfigurations = (
				46E4BF21292151E000133532 /* Debug */,
				46E4BF22292151E000133532 /* Release */,
			);
			defaultConfigurationIsVisible = 0;
			defaultConfigurationName = Release;
		};
		46E4BF23292151E000133532 /* Build configuration list for PBXNativeTarget "test_url_connect" */ = {
			isa = XCConfigurationList;
			buildConfigurations = (
				46E4BF24292151E000133532 /* Debug */,
				46E4BF25292151E000133532 /* Release */,
			);
			defaultConfigurationIsVisible = 0;
			defaultConfigurationName = Release;
		};
		46E4BF26292151E000133532 /* Build configuration list for PBXNativeTarget "test_url_connectTests" */ = {
			isa = XCConfigurationList;
			buildConfigurations = (
				46E4BF27292151E000133532 /* Debug */,
				46E4BF28292151E000133532 /* Release */,
			);
			defaultConfigurationIsVisible = 0;
			defaultConfigurationName = Release;
		};
		46E4BF29292151E000133532 /* Build configuration list for PBXNativeTarget "test_url_connectUITests" */ = {
			isa = XCConfigurationList;
			buildConfigurations = (
				46E4BF2A292151E000133532 /* Debug */,
				46E4BF2B292151E000133532 /* Release */,
			);
			defaultConfigurationIsVisible = 0;
			defaultConfigurationName = Release;
		};
/* End XCConfigurationList section */
	};
	rootObject = 46E4BEF6292151DF00133532 /* Project object */;
}
